
Microsoft Visual Studio Solution File, Format Version 12.00
# Visual Studio 15
VisualStudioVersion = 15.0.28307.271
MinimumVisualStudioVersion = 10.0.40219.1
Project("{888888A0-9F3D-457C-B088-3A5042F75D52}") = "PythonSorts", "PythonSorts\PythonSorts.pyproj", "{68297E0A-AE68-43AE-9B26-D40C6C76677B}"
EndProject
Global
	GlobalSection(SolutionConfigurationPlatforms) = preSolution
		Debug|Any CPU = Debug|Any CPU
		Release|Any CPU = Release|Any CPU
	EndGlobalSection
	GlobalSection(ProjectConfigurationPlatforms) = postSolution
		{68297E0A-AE68-43AE-9B26-D40C6C76677B}.Debug|Any CPU.ActiveCfg = Debug|Any CPU
		{68297E0A-AE68-43AE-9B26-D40C6C76677B}.Release|Any CPU.ActiveCfg = Release|Any CPU
	EndGlobalSection
	GlobalSection(SolutionProperties) = preSolution
		HideSolutionNode = FALSE
	EndGlobalSection
	GlobalSection(ExtensibilityGlobals) = postSolution
		SolutionGuid = {888D2FCB-AC46-4E61-B896-F371641FE41B}
	EndGlobalSection
EndGlobal
